# This file is automatically @generated by Cargo.
# It is not intended for manual editing.
version = 3

[[package]]
name = "beryllium"
version = "0.2.1"
source = "registry+https://github.com/rust-lang/crates.io-index"
checksum = "d6306aa54919177d3aa288314dbcceab70fef2b043c8957b29a99820804a64f8"
dependencies = [
 "fermium",
 "objc",
]

[[package]]
name = "bytemuck"
version = "1.13.1"
source = "registry+https://github.com/rust-lang/crates.io-index"
checksum = "17febce684fd15d89027105661fec94afb475cb995fbc59d2865198446ba2eea"

[[package]]
name = "fermium"
version = "0.1.4"
source = "registry+https://github.com/rust-lang/crates.io-index"
checksum = "e0db7d98893b18bff24e14593a05ff0dccba8cc6ed795dce5623213acffda87d"
dependencies = [
 "libc",
]

[[package]]
name = "imagine"
version = "0.0.5"
source = "registry+https://github.com/rust-lang/crates.io-index"
checksum = "b66f20ef575a7087eed611a0d4ff4bd624d24bf9c63b4d614d2d8823090af75b"
dependencies = [
 "bytemuck",
]

[[package]]
name = "libc"
version = "0.2.144"
source = "registry+https://github.com/rust-lang/crates.io-index"
checksum = "2b00cc1c228a6782d0f076e7b232802e0c5689d41bb5df366f2a6b6621cfdfe1"

[[package]]
name = "malloc_buf"
version = "0.0.6"
source = "registry+https://github.com/rust-lang/crates.io-index"
checksum = "62bb907fe88d54d8d9ce32a3cceab4218ed2f6b7d35617cafe9adf84e43919cb"
dependencies = [
 "libc",
]

[[package]]
name = "objc"
version = "0.2.7"
source = "registry+https://github.com/rust-lang/crates.io-index"
checksum = "915b1b472bc21c53464d6c8461c9d3af805ba1ef837e1cac254428f4a77177b1"
dependencies = [
 "malloc_buf",
]

[[package]]
name = "ogl33"
version = "0.2.0"
source = "registry+https://github.com/rust-lang/crates.io-index"
checksum = "824cf1a81ae16877f90e9cdc4dcb51c833a0f8da6a7ca36a782a3a970fcd3e32"
dependencies = [
 "libc",
]

[[package]]
name = "trxsh"
version = "0.1.0"
dependencies = [
 "beryllium",
 "bytemuck",
 "imagine",
 "ogl33",
]
